// !$*UTF8*$!
{
	archiveVersion = 1;
	classes = {
	};
	objectVersion = 50;
	objects = {

/* Begin PBXBuildFile section */
		44663FC424C33C8D008A7D05 /* AppDelegate.swift in Sources */ = {isa = PBXBuildFile; fileRef = 44663FC324C33C8D008A7D05 /* AppDelegate.swift */; };
		44663FC624C33C8D008A7D05 /* SceneDelegate.swift in Sources */ = {isa = PBXBuildFile; fileRef = 44663FC524C33C8D008A7D05 /* SceneDelegate.swift */; };
		44663FC824C33C8D008A7D05 /* DistViewController.swift in Sources */ = {isa = PBXBuildFile; fileRef = 44663FC724C33C8D008A7D05 /* DistViewController.swift */; };
		44663FCB24C33C8D008A7D05 /* Main.storyboard in Resources */ = {isa = PBXBuildFile; fileRef = 44663FC924C33C8D008A7D05 /* Main.storyboard */; };
		44663FCE24C33C8D008A7D05 /* PunjabWiki.xcdatamodeld in Sources */ = {isa = PBXBuildFile; fileRef = 44663FCC24C33C8D008A7D05 /* PunjabWiki.xcdatamodeld */; };
		44663FD024C33C90008A7D05 /* Assets.xcassets in Resources */ = {isa = PBXBuildFile; fileRef = 44663FCF24C33C90008A7D05 /* Assets.xcassets */; };
		44663FD324C33C90008A7D05 /* LaunchScreen.storyboard in Resources */ = {isa = PBXBuildFile; fileRef = 44663FD124C33C90008A7D05 /* LaunchScreen.storyboard */; };
		44663FDB24C33D70008A7D05 /* Constant.swift in Sources */ = {isa = PBXBuildFile; fileRef = 44663FDA24C33D70008A7D05 /* Constant.swift */; };
		44663FDD24C33DB1008A7D05 /* CityViewController.swift in Sources */ = {isa = PBXBuildFile; fileRef = 44663FDC24C33DB1008A7D05 /* CityViewController.swift */; };
/* End PBXBuildFile section */

/* Begin PBXFileReference section */
		44663FC024C33C8D008A7D05 /* PunjabWiki.app */ = {isa = PBXFileReference; explicitFileType = wrapper.application; includeInIndex = 0; path = PunjabWiki.app; sourceTree = BUILT_PRODUCTS_DIR; };
		44663FC324C33C8D008A7D05 /* AppDelegate.swift */ = {isa = PBXFileReference; lastKnownFileType = sourcecode.swift; path = AppDelegate.swift; sourceTree = "<group>"; };
		44663FC524C33C8D008A7D05 /* SceneDelegate.swift */ = {isa = PBXFileReference; lastKnownFileType = sourcecode.swift; path = SceneDelegate.swift; sourceTree = "<group>"; };
		44663FC724C33C8D008A7D05 /* DistViewController.swift */ = {isa = PBXFileReference; lastKnownFileType = sourcecode.swift; path = DistViewController.swift; sourceTree = "<group>"; };
		44663FCA24C33C8D008A7D05 /* Base */ = {isa = PBXFileReference; lastKnownFileType = file.storyboard; name = Base; path = Base.lproj/Main.storyboard; sourceTree = "<group>"; };
		44663FCD24C33C8D008A7D05 /* PunjabWiki.xcdatamodel */ = {isa = PBXFileReference; lastKnownFileType = wrapper.xcdatamodel; path = PunjabWiki.xcdatamodel; sourceTree = "<group>"; };
		44663FCF24C33C90008A7D05 /* Assets.xcassets */ = {isa = PBXFileReference; lastKnownFileType = folder.assetcatalog; path = Assets.xcassets; sourceTree = "<group>"; };
		44663FD224C33C90008A7D05 /* Base */ = {isa = PBXFileReference; lastKnownFileType = file.storyboard; name = Base; path = Base.lproj/LaunchScreen.storyboard; sourceTree = "<group>"; };
		44663FD424C33C90008A7D05 /* Info.plist */ = {isa = PBXFileReference; lastKnownFileType = text.plist.xml; path = Info.plist; sourceTree = "<group>"; };
		44663FDA24C33D70008A7D05 /* Constant.swift */ = {isa = PBXFileReference; lastKnownFileType = sourcecode.swift; path = Constant.swift; sourceTree = "<group>"; };
		44663FDC24C33DB1008A7D05 /* CityViewController.swift */ = {isa = PBXFileReference; lastKnownFileType = sourcecode.swift; path = CityViewController.swift; sourceTree = "<group>"; };
/* End PBXFileReference section */

/* Begin PBXFrameworksBuildPhase section */
		44663FBD24C33C8D008A7D05 /* Frameworks */ = {
			isa = PBXFrameworksBuildPhase;
			buildActionMask = 2147483647;
			files = (
			);
			runOnlyForDeploymentPostprocessing = 0;
		};
/* End PBXFrameworksBuildPhase section */

/* Begin PBXGroup section */
		44663FB724C33C8D008A7D05 = {
			isa = PBXGroup;
			children = (
				44663FC224C33C8D008A7D05 /* PunjabWiki */,
				44663FC124C33C8D008A7D05 /* Products */,
			);
			sourceTree = "<group>";
		};
		44663FC124C33C8D008A7D05 /* Products */ = {
			isa = PBXGroup;
			children = (
				44663FC024C33C8D008A7D05 /* PunjabWiki.app */,
			);
			name = Products;
			sourceTree = "<group>";
		};
		44663FC224C33C8D008A7D05 /* PunjabWiki */ = {
			isa = PBXGroup;
			children = (
				44663FC324C33C8D008A7D05 /* AppDelegate.swift */,
				44663FC524C33C8D008A7D05 /* SceneDelegate.swift */,
				44663FE024C33E3E008A7D05 /* Model */,
				44663FDF24C33E1D008A7D05 /* View */,
				44663FDE24C33E07008A7D05 /* Controller */,
				44663FE124C33E69008A7D05 /* Supporting Files */,
				44663FD424C33C90008A7D05 /* Info.plist */,
				44663FDA24C33D70008A7D05 /* Constant.swift */,
			);
			path = PunjabWiki;
			sourceTree = "<group>";
		};
		44663FDE24C33E07008A7D05 /* Controller */ = {
			isa = PBXGroup;
			children = (
				44663FC724C33C8D008A7D05 /* DistViewController.swift */,
				44663FDC24C33DB1008A7D05 /* CityViewController.swift */,
			);
			path = Controller;
			sourceTree = "<group>";
		};
		44663FDF24C33E1D008A7D05 /* View */ = {
			isa = PBXGroup;
			children = (
				44663FC924C33C8D008A7D05 /* Main.storyboard */,
			);
			path = View;
			sourceTree = "<group>";
		};
		44663FE024C33E3E008A7D05 /* Model */ = {
			isa = PBXGroup;
			children = (
				44663FCC24C33C8D008A7D05 /* PunjabWiki.xcdatamodeld */,
			);
			path = Model;
			sourceTree = "<group>";
		};
		44663FE124C33E69008A7D05 /* Supporting Files */ = {
			isa = PBXGroup;
			children = (
				44663FCF24C33C90008A7D05 /* Assets.xcassets */,
				44663FD124C33C90008A7D05 /* LaunchScreen.storyboard */,
			);
			path = "Supporting Files";
			sourceTree = "<group>";
		};
/* End PBXGroup section */

/* Begin PBXNativeTarget section */
		44663FBF24C33C8D008A7D05 /* PunjabWiki */ = {
			isa = PBXNativeTarget;
			buildConfigurationList = 44663FD724C33C90008A7D05 /* Build configuration list for PBXNativeTarget "PunjabWiki" */;
			buildPhases = (
				44663FBC24C33C8D008A7D05 /* Sources */,
				44663FBD24C33C8D008A7D05 /* Frameworks */,
				44663FBE24C33C8D008A7D05 /* Resources */,
			);
			buildRules = (
			);
			dependencies = (
			);
			name = PunjabWiki;
			productName = PunjabWiki;
			productReference = 44663FC024C33C8D008A7D05 /* PunjabWiki.app */;
			productType = "com.apple.product-type.application";
		};
/* End PBXNativeTarget section */

/* Begin PBXProject section */
		44663FB824C33C8D008A7D05 /* Project object */ = {
			isa = PBXProject;
			attributes = {
				LastSwiftUpdateCheck = 1150;
				LastUpgradeCheck = 1150;
				ORGANIZATIONNAME = "PARMJIT SINGH KHATTRA";
				TargetAttributes = {
					44663FBF24C33C8D008A7D05 = {
						CreatedOnToolsVersion = 11.5;
					};
				};
			};
			buildConfigurationList = 44663FBB24C33C8D008A7D05 /* Build configuration list for PBXProject "PunjabWiki" */;
			compatibilityVersion = "Xcode 9.3";
			developmentRegion = en;
			hasScannedForEncodings = 0;
			knownRegions = (
				en,
				Base,
			);
			mainGroup = 44663FB724C33C8D008A7D05;
			productRefGroup = 44663FC124C33C8D008A7D05 /* Products */;
			projectDirPath = "";
			projectRoot = "";
			targets = (
				44663FBF24C33C8D008A7D05 /* PunjabWiki */,
			);
		};
/* End PBXProject section */

/* Begin PBXResourcesBuildPhase section */
		44663FBE24C33C8D008A7D05 /* Resources */ = {
			isa = PBXResourcesBuildPhase;
			buildActionMask = 2147483647;
			files = (
				44663FD324C33C90008A7D05 /* LaunchScreen.storyboard in Resources */,
				44663FD024C33C90008A7D05 /* Assets.xcassets in Resources */,
				44663FCB24C33C8D008A7D05 /* Main.storyboard in Resources */,
			);
			runOnlyForDeploymentPostprocessing = 0;
		};
/* End PBXResourcesBuildPhase section */

/* Begin PBXSourcesBuildPhase section */
		44663FBC24C33C8D008A7D05 /* Sources */ = {
			isa = PBXSourcesBuildPhase;
			buildActionMask = 2147483647;
			files = (
				44663FC824C33C8D008A7D05 /* DistViewController.swift in Sources */,
				44663FC424C33C8D008A7D05 /* AppDelegate.swift in Sources */,
				44663FDB24C33D70008A7D05 /* Constant.swift in Sources */,
				44663FC624C33C8D008A7D05 /* SceneDelegate.swift in Sources */,
				44663FCE24C33C8D008A7D05 /* PunjabWiki.xcdatamodeld in Sources */,
				44663FDD24C33DB1008A7D05 /* CityViewController.swift in Sources */,
			);
			runOnlyForDeploymentPostprocessing = 0;
		};
/* End PBXSourcesBuildPhase section */

/* Begin PBXVariantGroup section */
		44663FC924C33C8D008A7D05 /* Main.storyboard */ = {
			isa = PBXVariantGroup;
			children = (
				44663FCA24C33C8D008A7D05 /* Base */,
			);
			name = Main.storyboard;
			sourceTree = "<group>";
		};
		44663FD124C33C90008A7D05 /* LaunchScreen.storyboard */ = {
			isa = PBXVariantGroup;
			children = (
				44663FD224C33C90008A7D05 /* Base */,
			);
			name = LaunchScreen.storyboard;
			sourceTree = "<group>";
		};
/* End PBXVariantGroup section */

/* Begin XCBuildConfiguration section */
		44663FD524C33C90008A7D05 /* Debug */ = {
			isa = XCBuildConfiguration;
			buildSettings = {
				ALWAYS_SEARCH_USER_PATHS = NO;
				CLANG_ANALYZER_NONNULL = YES;
				CLANG_ANALYZER_NUMBER_OBJECT_CONVERSION = YES_AGGRESSIVE;
				CLANG_CXX_LANGUAGE_STANDARD = "gnu++14";
				CLANG_CXX_LIBRARY = "libc++";
				CLANG_ENABLE_MODULES = YES;
				CLANG_ENABLE_OBJC_ARC = YES;
				CLANG_ENABLE_OBJC_WEAK = YES;
				CLANG_WARN_BLOCK_CAPTURE_AUTORELEASING = YES;
				CLANG_WARN_BOOL_CONVERSION = YES;
				CLANG_WARN_COMMA = YES;
				CLANG_WARN_CONSTANT_CONVERSION = YES;
				CLANG_WARN_DEPRECATED_OBJC_IMPLEMENTATIONS = YES;
				CLANG_WARN_DIRECT_OBJC_ISA_USAGE = YES_ERROR;
				CLANG_WARN_DOCUMENTATION_COMMENTS = YES;
				CLANG_WARN_EMPTY_BODY = YES;
				CLANG_WARN_ENUM_CONVERSION = YES;
				CLANG_WARN_INFINITE_RECURSION = YES;
				CLANG_WARN_INT_CONVERSION = YES;
				CLANG_WARN_NON_LITERAL_NULL_CONVERSION = YES;
				CLANG_WARN_OBJC_IMPLICIT_RETAIN_SELF = YES;
				CLANG_WARN_OBJC_LITERAL_CONVERSION = YES;
				CLANG_WARN_OBJC_ROOT_CLASS = YES_ERROR;
				CLANG_WARN_RANGE_LOOP_ANALYSIS = YES;
				CLANG_WARN_STRICT_PROTOTYPES = YES;
				CLANG_WARN_SUSPICIOUS_MOVE = YES;
				CLANG_WARN_UNGUARDED_AVAILABILITY = YES_AGGRESSIVE;
				CLANG_WARN_UNREACHABLE_CODE = YES;
				CLANG_WARN__DUPLICATE_METHOD_MATCH = YES;
				COPY_PHASE_STRIP = NO;
				DEBUG_INFORMATION_FORMAT = dwarf;
				ENABLE_STRICT_OBJC_MSGSEND = YES;
				ENABLE_TESTABILITY = YES;
				GCC_C_LANGUAGE_STANDARD = gnu11;
				GCC_DYNAMIC_NO_PIC = NO;
				GCC_NO_COMMON_BLOCKS = YES;
				GCC_OPTIMIZATION_LEVEL = 0;
				GCC_PREPROCESSOR_DEFINITIONS = (
					"DEBUG=1",
					"$(inherited)",
				);
				GCC_WARN_64_TO_32_BIT_CONVERSION = YES;
				GCC_WARN_ABOUT_RETURN_TYPE = YES_ERROR;
				GCC_WARN_UNDECLARED_SELECTOR = YES;
				GCC_WARN_UNINITIALIZED_AUTOS = YES_AGGRESSIVE;
				GCC_WARN_UNUSED_FUNCTION = YES;
				GCC_WARN_UNUSED_VARIABLE = YES;
				IPHONEOS_DEPLOYMENT_TARGET = 13.5;
				MTL_ENABLE_DEBUG_INFO = INCLUDE_SOURCE;
				MTL_FAST_MATH = YES;
				ONLY_ACTIVE_ARCH = YES;
				SDKROOT = iphoneos;
				SWIFT_ACTIVE_COMPILATION_CONDITIONS = DEBUG;
				SWIFT_OPTIMIZATION_LEVEL = "-Onone";
			};
			name = Debug;
		};
		44663FD624C33C90008A7D05 /* Release */ = {
			isa = XCBuildConfiguration;
			buildSettings = {
				ALWAYS_SEARCH_USER_PATHS = NO;
				CLANG_ANALYZER_NONNULL = YES;
				CLANG_ANALYZER_NUMBER_OBJECT_CONVERSION = YES_AGGRESSIVE;
				CLANG_CXX_LANGUAGE_STANDARD = "gnu++14";
				CLANG_CXX_LIBRARY = "libc++";
				CLANG_ENABLE_MODULES = YES;
				CLANG_ENABLE_OBJC_ARC = YES;
				CLANG_ENABLE_OBJC_WEAK = YES;
				CLANG_WARN_BLOCK_CAPTURE_AUTORELEASING = YES;
				CLANG_WARN_BOOL_CONVERSION = YES;
				CLANG_WARN_COMMA = YES;
				CLANG_WARN_CONSTANT_CONVERSION = YES;
				CLANG_WARN_DEPRECATED_OBJC_IMPLEMENTATIONS = YES;
				CLANG_WARN_DIRECT_OBJC_ISA_USAGE = YES_ERROR;
				CLANG_WARN_DOCUMENTATION_COMMENTS = YES;
				CLANG_WARN_EMPTY_BODY = YES;
				CLANG_WARN_ENUM_CONVERSION = YES;
				CLANG_WARN_INFINITE_RECURSION = YES;
				CLANG_WARN_INT_CONVERSION = YES;
				CLANG_WARN_NON_LITERAL_NULL_CONVERSION = YES;
				CLANG_WARN_OBJC_IMPLICIT_RETAIN_SELF = YES;
				CLANG_WARN_OBJC_LITERAL_CONVERSION = YES;
				CLANG_WARN_OBJC_ROOT_CLASS = YES_ERROR;
				CLANG_WARN_RANGE_LOOP_ANALYSIS = YES;
				CLANG_WARN_STRICT_PROTOTYPES = YES;
				CLANG_WARN_SUSPICIOUS_MOVE = YES;
				CLANG_WARN_UNGUARDED_AVAILABILITY = YES_AGGRESSIVE;
				CLANG_WARN_UNREACHABLE_CODE = YES;
				CLANG_WARN__DUPLICATE_METHOD_MATCH = YES;
				COPY_PHASE_STRIP = NO;
				DEBUG_INFORMATION_FORMAT = "dwarf-with-dsym";
				ENABLE_NS_ASSERTIONS = NO;
				ENABLE_STRICT_OBJC_MSGSEND = YES;
				GCC_C_LANGUAGE_STANDARD = gnu11;
				GCC_NO_COMMON_BLOCKS = YES;
				GCC_WARN_64_TO_32_BIT_CONVERSION = YES;
				GCC_WARN_ABOUT_RETURN_TYPE = YES_ERROR;
				GCC_WARN_UNDECLARED_SELECTOR = YES;
				GCC_WARN_UNINITIALIZED_AUTOS = YES_AGGRESSIVE;
				GCC_WARN_UNUSED_FUNCTION = YES;
				GCC_WARN_UNUSED_VARIABLE = YES;
				IPHONEOS_DEPLOYMENT_TARGET = 13.5;
				MTL_ENABLE_DEBUG_INFO = NO;
				MTL_FAST_MATH = YES;
				SDKROOT = iphoneos;
				SWIFT_COMPILATION_MODE = wholemodule;
				SWIFT_OPTIMIZATION_LEVEL = "-O";
				VALIDATE_PRODUCT = YES;
			};
			name = Release;
		};
		44663FD824C33C90008A7D05 /* Debug */ = {
			isa = XCBuildConfiguration;
			buildSettings = {
				ASSETCATALOG_COMPILER_APPICON_NAME = AppIcon;
				CODE_SIGN_STYLE = Automatic;
				INFOPLIST_FILE = PunjabWiki/Info.plist;
				LD_RUNPATH_SEARCH_PATHS = (
					"$(inherited)",
					"@executable_path/Frameworks",
				);
				PRODUCT_BUNDLE_IDENTIFIER = genesis.PunjabWiki;
				PRODUCT_NAME = "$(TARGET_NAME)";
				SWIFT_VERSION = 5.0;
				TARGETED_DEVICE_FAMILY = "1,2";
			};
			name = Debug;
		};
		44663FD924C33C90008A7D05 /* Release */ = {
			isa = XCBuildConfiguration;
			buildSettings = {
				ASSETCATALOG_COMPILER_APPICON_NAME = AppIcon;
				CODE_SIGN_STYLE = Automatic;
				INFOPLIST_FILE = PunjabWiki/Info.plist;
				LD_RUNPATH_SEARCH_PATHS = (
					"$(inherited)",
					"@executable_path/Frameworks",
				);
				PRODUCT_BUNDLE_IDENTIFIER = genesis.PunjabWiki;
				PRODUCT_NAME = "$(TARGET_NAME)";
				SWIFT_VERSION = 5.0;
				TARGETED_DEVICE_FAMILY = "1,2";
			};
			name = Release;
		};
/* End XCBuildConfiguration section */

/* Begin XCConfigurationList section */
		44663FBB24C33C8D008A7D05 /* Build configuration list for PBXProject "PunjabWiki" */ = {
			isa = XCConfigurationList;
			buildConfigurations = (
				44663FD524C33C90008A7D05 /* Debug */,
				44663FD624C33C90008A7D05 /* Release */,
			);
			defaultConfigurationIsVisible = 0;
			defaultConfigurationName = Release;
		};
		44663FD724C33C90008A7D05 /* Build configuration list for PBXNativeTarget "PunjabWiki" */ = {
			isa = XCConfigurationList;
			buildConfigurations = (
				44663FD824C33C90008A7D05 /* Debug */,
				44663FD924C33C90008A7D05 /* Release */,
			);
			defaultConfigurationIsVisible = 0;
			defaultConfigurationName = Release;
		};
/* End XCConfigurationList section */

/* Begin XCVersionGroup section */
		44663FCC24C33C8D008A7D05 /* PunjabWiki.xcdatamodeld */ = {
			isa = XCVersionGroup;
			children = (
				44663FCD24C33C8D008A7D05 /* PunjabWiki.xcdatamodel */,
			);
			currentVersion = 44663FCD24C33C8D008A7D05 /* PunjabWiki.xcdatamodel */;
			path = PunjabWiki.xcdatamodeld;
			sourceTree = "<group>";
			versionGroupType = wrapper.xcdatamodel;
		};
/* End XCVersionGroup section */
	};
	rootObject = 44663FB824C33C8D008A7D05 /* Project object */;
}
